// !$*UTF8*$!
{
	archiveVersion = 1;
	classes = {
	};
	objectVersion = 46;
	objects = {

/* Begin PBXBuildFile section */
		B255338F1F90C94C0056C227 /* main.cpp in Sources */ = {isa = PBXBuildFile; fileRef = B255338E1F90C94C0056C227 /* main.cpp */; };
		B2B8B4522080547500D5B7C7 /* test_asyncTaskThrad.hpp in Sources */ = {isa = PBXBuildFile; fileRef = B2B8B43F2080547500D5B7C7 /* test_asyncTaskThrad.hpp */; };
		B2B8B4532080547500D5B7C7 /* test_eventPoller.hpp in Sources */ = {isa = PBXBuildFile; fileRef = B2B8B4402080547500D5B7C7 /* test_eventPoller.hpp */; };
		B2B8B4542080547500D5B7C7 /* test_logger.hpp in Sources */ = {isa = PBXBuildFile; fileRef = B2B8B4412080547500D5B7C7 /* test_logger.hpp */; };
		B2B8B4552080547500D5B7C7 /* test_noticeCenter-old.hpp in Sources */ = {isa = PBXBuildFile; fileRef = B2B8B4422080547500D5B7C7 /* test_noticeCenter-old.hpp */; };
		B2B8B4562080547500D5B7C7 /* test_pipe.hpp in Sources */ = {isa = PBXBuildFile; fileRef = B2B8B4432080547500D5B7C7 /* test_pipe.hpp */; };
		B2B8B4572080547500D5B7C7 /* test_resourcePool.hpp in Sources */ = {isa = PBXBuildFile; fileRef = B2B8B4442080547500D5B7C7 /* test_resourcePool.hpp */; };
		B2B8B4582080547500D5B7C7 /* test_ringBuffer.hpp in Sources */ = {isa = PBXBuildFile; fileRef = B2B8B4452080547500D5B7C7 /* test_ringBuffer.hpp */; };
		B2B8B4592080547500D5B7C7 /* test_rwmutex.hpp in Sources */ = {isa = PBXBuildFile; fileRef = B2B8B4462080547500D5B7C7 /* test_rwmutex.hpp */; };
		B2B8B45A2080547500D5B7C7 /* test_semaphore.hpp in Sources */ = {isa = PBXBuildFile; fileRef = B2B8B4472080547500D5B7C7 /* test_semaphore.hpp */; };
		B2B8B45C2080547500D5B7C7 /* test_spin_mutex.hpp in Sources */ = {isa = PBXBuildFile; fileRef = B2B8B4492080547500D5B7C7 /* test_spin_mutex.hpp */; };
		B2B8B45F2080547500D5B7C7 /* test_tcpClient.hpp in Sources */ = {isa = PBXBuildFile; fileRef = B2B8B44D2080547500D5B7C7 /* test_tcpClient.hpp */; };
		B2B8B4602080547500D5B7C7 /* test_tcpEchoServer.hpp in Sources */ = {isa = PBXBuildFile; fileRef = B2B8B44E2080547500D5B7C7 /* test_tcpEchoServer.hpp */; };
		B2B8B4612080547500D5B7C7 /* test_threadPool.hpp in Sources */ = {isa = PBXBuildFile; fileRef = B2B8B44F2080547500D5B7C7 /* test_threadPool.hpp */; };
		B2B8B4622080547500D5B7C7 /* test_threadPoolBenchmark.hpp in Sources */ = {isa = PBXBuildFile; fileRef = B2B8B4502080547500D5B7C7 /* test_threadPoolBenchmark.hpp */; };
		B2B8B4632080547500D5B7C7 /* test_udpSock.hpp in Sources */ = {isa = PBXBuildFile; fileRef = B2B8B4512080547500D5B7C7 /* test_udpSock.hpp */; };
		B2B8B4A3208055A300D5B7C7 /* Socket.cpp in Sources */ = {isa = PBXBuildFile; fileRef = B2B8B466208055A300D5B7C7 /* Socket.cpp */; };
		B2B8B4A5208055A300D5B7C7 /* sockutil.cpp in Sources */ = {isa = PBXBuildFile; fileRef = B2B8B469208055A300D5B7C7 /* sockutil.cpp */; };
		B2B8B4A6208055A300D5B7C7 /* TcpClient.cpp in Sources */ = {isa = PBXBuildFile; fileRef = B2B8B46B208055A300D5B7C7 /* TcpClient.cpp */; };
		B2B8B4A7208055A300D5B7C7 /* TcpSession.cpp in Sources */ = {isa = PBXBuildFile; fileRef = B2B8B46E208055A300D5B7C7 /* TcpSession.cpp */; };
		B2B8B4A8208055A300D5B7C7 /* EventPoller.cpp in Sources */ = {isa = PBXBuildFile; fileRef = B2B8B471208055A300D5B7C7 /* EventPoller.cpp */; };
		B2B8B4A9208055A300D5B7C7 /* Pipe.cpp in Sources */ = {isa = PBXBuildFile; fileRef = B2B8B473208055A300D5B7C7 /* Pipe.cpp */; };
		B2B8B4AA208055A300D5B7C7 /* PipeWrap.cpp in Sources */ = {isa = PBXBuildFile; fileRef = B2B8B475208055A300D5B7C7 /* PipeWrap.cpp */; };
		B2B8B4AB208055A300D5B7C7 /* SelectWrap.cpp in Sources */ = {isa = PBXBuildFile; fileRef = B2B8B477208055A300D5B7C7 /* SelectWrap.cpp */; };
		B2B8B4AC208055A300D5B7C7 /* Timer.cpp in Sources */ = {isa = PBXBuildFile; fileRef = B2B8B479208055A300D5B7C7 /* Timer.cpp */; };
		B2B8B4AD208055A300D5B7C7 /* README.md in Sources */ = {isa = PBXBuildFile; fileRef = B2B8B47B208055A300D5B7C7 /* README.md */; };
		B2B8B4AE208055A300D5B7C7 /* AsyncTaskThread.cpp in Sources */ = {isa = PBXBuildFile; fileRef = B2B8B47D208055A300D5B7C7 /* AsyncTaskThread.cpp */; };
		B2B8B4AF208055A300D5B7C7 /* WorkThreadPool.cpp in Sources */ = {isa = PBXBuildFile; fileRef = B2B8B486208055A300D5B7C7 /* WorkThreadPool.cpp */; };
		B2B8B4B1208055A300D5B7C7 /* File.cpp in Sources */ = {isa = PBXBuildFile; fileRef = B2B8B48B208055A300D5B7C7 /* File.cpp */; };
		B2B8B4B2208055A300D5B7C7 /* MD5.cpp in Sources */ = {isa = PBXBuildFile; fileRef = B2B8B48F208055A300D5B7C7 /* MD5.cpp */; };
		B2B8B4B4208055A300D5B7C7 /* util.cpp in Sources */ = {isa = PBXBuildFile; fileRef = B2B8B49B208055A300D5B7C7 /* util.cpp */; };
		B2B8B4B5208055A300D5B7C7 /* uv_errno.cpp in Sources */ = {isa = PBXBuildFile; fileRef = B2B8B49D208055A300D5B7C7 /* uv_errno.cpp */; };
/* End PBXBuildFile section */

/* Begin PBXCopyFilesBuildPhase section */
		B25533891F90C94C0056C227 /* CopyFiles */ = {
			isa = PBXCopyFilesBuildPhase;
			buildActionMask = 2147483647;
			dstPath = /usr/share/man/man1/;
			dstSubfolderSpec = 0;
			files = (
			);
			runOnlyForDeploymentPostprocessing = 1;
		};
/* End PBXCopyFilesBuildPhase section */

/* Begin PBXFileReference section */
		B255338B1F90C94C0056C227 /* ZLToolKit */ = {isa = PBXFileReference; explicitFileType = "compiled.mach-o.executable"; includeInIndex = 0; path = ZLToolKit; sourceTree = BUILT_PRODUCTS_DIR; };
		B255338E1F90C94C0056C227 /* main.cpp */ = {isa = PBXFileReference; lastKnownFileType = sourcecode.cpp.cpp; path = main.cpp; sourceTree = "<group>"; };
		B290C2C120C0E3F60078A2D7 /* onceToken.h */ = {isa = PBXFileReference; fileEncoding = 4; lastKnownFileType = sourcecode.c.h; path = onceToken.h; sourceTree = "<group>"; };
		B290C2F220C129B10078A2D7 /* SignalSlot.h */ = {isa = PBXFileReference; fileEncoding = 4; lastKnownFileType = sourcecode.c.h; path = SignalSlot.h; sourceTree = "<group>"; };
		B290C2F320C129D50078A2D7 /* test_SignalSlot.hpp */ = {isa = PBXFileReference; lastKnownFileType = sourcecode.cpp.h; path = test_SignalSlot.hpp; sourceTree = "<group>"; };
		B2B4104A20CA2A19005496BB /* NoticeCenter.h */ = {isa = PBXFileReference; fileEncoding = 4; lastKnownFileType = sourcecode.c.h; path = NoticeCenter.h; sourceTree = "<group>"; };
		B2B4104B20CA2A64005496BB /* test_noticeCenter.hpp */ = {isa = PBXFileReference; fileEncoding = 4; lastKnownFileType = sourcecode.cpp.h; path = test_noticeCenter.hpp; sourceTree = "<group>"; };
		B2B8B43F2080547500D5B7C7 /* test_asyncTaskThrad.hpp */ = {isa = PBXFileReference; fileEncoding = 4; lastKnownFileType = sourcecode.cpp.h; path = test_asyncTaskThrad.hpp; sourceTree = "<group>"; };
		B2B8B4402080547500D5B7C7 /* test_eventPoller.hpp */ = {isa = PBXFileReference; fileEncoding = 4; lastKnownFileType = sourcecode.cpp.h; path = test_eventPoller.hpp; sourceTree = "<group>"; };
		B2B8B4412080547500D5B7C7 /* test_logger.hpp */ = {isa = PBXFileReference; fileEncoding = 4; lastKnownFileType = sourcecode.cpp.h; path = test_logger.hpp; sourceTree = "<group>"; };
		B2B8B4422080547500D5B7C7 /* test_noticeCenter-old.hpp */ = {isa = PBXFileReference; fileEncoding = 4; lastKnownFileType = sourcecode.cpp.h; path = "test_noticeCenter-old.hpp"; sourceTree = "<group>"; };
		B2B8B4432080547500D5B7C7 /* test_pipe.hpp */ = {isa = PBXFileReference; fileEncoding = 4; lastKnownFileType = sourcecode.cpp.h; path = test_pipe.hpp; sourceTree = "<group>"; };
		B2B8B4442080547500D5B7C7 /* test_resourcePool.hpp */ = {isa = PBXFileReference; fileEncoding = 4; lastKnownFileType = sourcecode.cpp.h; path = test_resourcePool.hpp; sourceTree = "<group>"; };
		B2B8B4452080547500D5B7C7 /* test_ringBuffer.hpp */ = {isa = PBXFileReference; fileEncoding = 4; lastKnownFileType = sourcecode.cpp.h; path = test_ringBuffer.hpp; sourceTree = "<group>"; };
		B2B8B4462080547500D5B7C7 /* test_rwmutex.hpp */ = {isa = PBXFileReference; fileEncoding = 4; lastKnownFileType = sourcecode.cpp.h; path = test_rwmutex.hpp; sourceTree = "<group>"; };
		B2B8B4472080547500D5B7C7 /* test_semaphore.hpp */ = {isa = PBXFileReference; fileEncoding = 4; lastKnownFileType = sourcecode.cpp.h; path = test_semaphore.hpp; sourceTree = "<group>"; };
		B2B8B4492080547500D5B7C7 /* test_spin_mutex.hpp */ = {isa = PBXFileReference; fileEncoding = 4; lastKnownFileType = sourcecode.cpp.h; path = test_spin_mutex.hpp; sourceTree = "<group>"; };
		B2B8B44D2080547500D5B7C7 /* test_tcpClient.hpp */ = {isa = PBXFileReference; fileEncoding = 4; lastKnownFileType = sourcecode.cpp.h; path = test_tcpClient.hpp; sourceTree = "<group>"; };
		B2B8B44E2080547500D5B7C7 /* test_tcpEchoServer.hpp */ = {isa = PBXFileReference; fileEncoding = 4; lastKnownFileType = sourcecode.cpp.h; path = test_tcpEchoServer.hpp; sourceTree = "<group>"; };
		B2B8B44F2080547500D5B7C7 /* test_threadPool.hpp */ = {isa = PBXFileReference; fileEncoding = 4; lastKnownFileType = sourcecode.cpp.h; path = test_threadPool.hpp; sourceTree = "<group>"; };
		B2B8B4502080547500D5B7C7 /* test_threadPoolBenchmark.hpp */ = {isa = PBXFileReference; fileEncoding = 4; lastKnownFileType = sourcecode.cpp.h; path = test_threadPoolBenchmark.hpp; sourceTree = "<group>"; };
		B2B8B4512080547500D5B7C7 /* test_udpSock.hpp */ = {isa = PBXFileReference; fileEncoding = 4; lastKnownFileType = sourcecode.cpp.h; path = test_udpSock.hpp; sourceTree = "<group>"; };
		B2B8B466208055A300D5B7C7 /* Socket.cpp */ = {isa = PBXFileReference; fileEncoding = 4; lastKnownFileType = sourcecode.cpp.cpp; path = Socket.cpp; sourceTree = "<group>"; };
		B2B8B467208055A300D5B7C7 /* Socket.h */ = {isa = PBXFileReference; fileEncoding = 4; lastKnownFileType = sourcecode.c.h; path = Socket.h; sourceTree = "<group>"; };
		B2B8B469208055A300D5B7C7 /* sockutil.cpp */ = {isa = PBXFileReference; fileEncoding = 4; lastKnownFileType = sourcecode.cpp.cpp; path = sockutil.cpp; sourceTree = "<group>"; };
		B2B8B46A208055A300D5B7C7 /* sockutil.h */ = {isa = PBXFileReference; fileEncoding = 4; lastKnownFileType = sourcecode.c.h; path = sockutil.h; sourceTree = "<group>"; };
		B2B8B46B208055A300D5B7C7 /* TcpClient.cpp */ = {isa = PBXFileReference; fileEncoding = 4; lastKnownFileType = sourcecode.cpp.cpp; path = TcpClient.cpp; sourceTree = "<group>"; };
		B2B8B46C208055A300D5B7C7 /* TcpClient.h */ = {isa = PBXFileReference; fileEncoding = 4; lastKnownFileType = sourcecode.c.h; path = TcpClient.h; sourceTree = "<group>"; };
		B2B8B46D208055A300D5B7C7 /* TcpServer.h */ = {isa = PBXFileReference; fileEncoding = 4; lastKnownFileType = sourcecode.c.h; path = TcpServer.h; sourceTree = "<group>"; };
		B2B8B46E208055A300D5B7C7 /* TcpSession.cpp */ = {isa = PBXFileReference; fileEncoding = 4; lastKnownFileType = sourcecode.cpp.cpp; path = TcpSession.cpp; sourceTree = "<group>"; };
		B2B8B46F208055A300D5B7C7 /* TcpSession.h */ = {isa = PBXFileReference; fileEncoding = 4; lastKnownFileType = sourcecode.c.h; path = TcpSession.h; sourceTree = "<group>"; };
		B2B8B471208055A300D5B7C7 /* EventPoller.cpp */ = {isa = PBXFileReference; fileEncoding = 4; lastKnownFileType = sourcecode.cpp.cpp; path = EventPoller.cpp; sourceTree = "<group>"; };
		B2B8B472208055A300D5B7C7 /* EventPoller.h */ = {isa = PBXFileReference; fileEncoding = 4; lastKnownFileType = sourcecode.c.h; path = EventPoller.h; sourceTree = "<group>"; };
		B2B8B473208055A300D5B7C7 /* Pipe.cpp */ = {isa = PBXFileReference; fileEncoding = 4; lastKnownFileType = sourcecode.cpp.cpp; path = Pipe.cpp; sourceTree = "<group>"; };
		B2B8B474208055A300D5B7C7 /* Pipe.h */ = {isa = PBXFileReference; fileEncoding = 4; lastKnownFileType = sourcecode.c.h; path = Pipe.h; sourceTree = "<group>"; };
		B2B8B475208055A300D5B7C7 /* PipeWrap.cpp */ = {isa = PBXFileReference; fileEncoding = 4; lastKnownFileType = sourcecode.cpp.cpp; path = PipeWrap.cpp; sourceTree = "<group>"; };
		B2B8B476208055A300D5B7C7 /* PipeWrap.h */ = {isa = PBXFileReference; fileEncoding = 4; lastKnownFileType = sourcecode.c.h; path = PipeWrap.h; sourceTree = "<group>"; };
		B2B8B477208055A300D5B7C7 /* SelectWrap.cpp */ = {isa = PBXFileReference; fileEncoding = 4; lastKnownFileType = sourcecode.cpp.cpp; path = SelectWrap.cpp; sourceTree = "<group>"; };
		B2B8B478208055A300D5B7C7 /* SelectWrap.h */ = {isa = PBXFileReference; fileEncoding = 4; lastKnownFileType = sourcecode.c.h; path = SelectWrap.h; sourceTree = "<group>"; };
		B2B8B479208055A300D5B7C7 /* Timer.cpp */ = {isa = PBXFileReference; fileEncoding = 4; lastKnownFileType = sourcecode.cpp.cpp; path = Timer.cpp; sourceTree = "<group>"; };
		B2B8B47A208055A300D5B7C7 /* Timer.h */ = {isa = PBXFileReference; fileEncoding = 4; lastKnownFileType = sourcecode.c.h; path = Timer.h; sourceTree = "<group>"; };
		B2B8B47B208055A300D5B7C7 /* README.md */ = {isa = PBXFileReference; fileEncoding = 4; lastKnownFileType = net.daringfireball.markdown; name = README.md; path = src/README.md; sourceTree = "<group>"; };
		B2B8B47D208055A300D5B7C7 /* AsyncTaskThread.cpp */ = {isa = PBXFileReference; fileEncoding = 4; lastKnownFileType = sourcecode.cpp.cpp; path = AsyncTaskThread.cpp; sourceTree = "<group>"; };
		B2B8B47E208055A300D5B7C7 /* AsyncTaskThread.h */ = {isa = PBXFileReference; fileEncoding = 4; lastKnownFileType = sourcecode.c.h; path = AsyncTaskThread.h; sourceTree = "<group>"; };
		B2B8B47F208055A300D5B7C7 /* List.h */ = {isa = PBXFileReference; fileEncoding = 4; lastKnownFileType = sourcecode.c.h; path = List.h; sourceTree = "<group>"; };
		B2B8B480208055A300D5B7C7 /* rwmutex.h */ = {isa = PBXFileReference; fileEncoding = 4; lastKnownFileType = sourcecode.c.h; path = rwmutex.h; sourceTree = "<group>"; };
		B2B8B481208055A300D5B7C7 /* semaphore.h */ = {isa = PBXFileReference; fileEncoding = 4; lastKnownFileType = sourcecode.c.h; path = semaphore.h; sourceTree = "<group>"; };
		B2B8B482208055A300D5B7C7 /* spin_mutex.h */ = {isa = PBXFileReference; fileEncoding = 4; lastKnownFileType = sourcecode.c.h; path = spin_mutex.h; sourceTree = "<group>"; };
		B2B8B483208055A300D5B7C7 /* TaskQueue.h */ = {isa = PBXFileReference; fileEncoding = 4; lastKnownFileType = sourcecode.c.h; path = TaskQueue.h; sourceTree = "<group>"; };
		B2B8B484208055A300D5B7C7 /* threadgroup.h */ = {isa = PBXFileReference; fileEncoding = 4; lastKnownFileType = sourcecode.c.h; path = threadgroup.h; sourceTree = "<group>"; };
		B2B8B485208055A300D5B7C7 /* ThreadPool.h */ = {isa = PBXFileReference; fileEncoding = 4; lastKnownFileType = sourcecode.c.h; path = ThreadPool.h; sourceTree = "<group>"; };
		B2B8B486208055A300D5B7C7 /* WorkThreadPool.cpp */ = {isa = PBXFileReference; fileEncoding = 4; lastKnownFileType = sourcecode.cpp.cpp; path = WorkThreadPool.cpp; sourceTree = "<group>"; };
		B2B8B487208055A300D5B7C7 /* WorkThreadPool.h */ = {isa = PBXFileReference; fileEncoding = 4; lastKnownFileType = sourcecode.c.h; path = WorkThreadPool.h; sourceTree = "<group>"; };
		B2B8B48B208055A300D5B7C7 /* File.cpp */ = {isa = PBXFileReference; fileEncoding = 4; lastKnownFileType = sourcecode.cpp.cpp; path = File.cpp; sourceTree = "<group>"; };
		B2B8B48C208055A300D5B7C7 /* File.h */ = {isa = PBXFileReference; fileEncoding = 4; lastKnownFileType = sourcecode.c.h; path = File.h; sourceTree = "<group>"; };
		B2B8B48D208055A300D5B7C7 /* function_traits.h */ = {isa = PBXFileReference; fileEncoding = 4; lastKnownFileType = sourcecode.c.h; path = function_traits.h; sourceTree = "<group>"; };
		B2B8B48E208055A300D5B7C7 /* logger.h */ = {isa = PBXFileReference; fileEncoding = 4; lastKnownFileType = sourcecode.c.h; path = logger.h; sourceTree = "<group>"; };
		B2B8B48F208055A300D5B7C7 /* MD5.cpp */ = {isa = PBXFileReference; fileEncoding = 4; lastKnownFileType = sourcecode.cpp.cpp; path = MD5.cpp; sourceTree = "<group>"; };
		B2B8B490208055A300D5B7C7 /* MD5.h */ = {isa = PBXFileReference; fileEncoding = 4; lastKnownFileType = sourcecode.c.h; path = MD5.h; sourceTree = "<group>"; };
		B2B8B491208055A300D5B7C7 /* mini.h */ = {isa = PBXFileReference; fileEncoding = 4; lastKnownFileType = sourcecode.c.h; path = mini.h; sourceTree = "<group>"; };
		B2B8B492208055A300D5B7C7 /* NoticeCenter-old.h */ = {isa = PBXFileReference; fileEncoding = 4; lastKnownFileType = sourcecode.c.h; path = "NoticeCenter-old.h"; sourceTree = "<group>"; };
		B2B8B494208055A300D5B7C7 /* ResourcePool.h */ = {isa = PBXFileReference; fileEncoding = 4; lastKnownFileType = sourcecode.c.h; path = ResourcePool.h; sourceTree = "<group>"; };
		B2B8B495208055A300D5B7C7 /* RingBuffer.h */ = {isa = PBXFileReference; fileEncoding = 4; lastKnownFileType = sourcecode.c.h; path = RingBuffer.h; sourceTree = "<group>"; };
		B2B8B49A208055A300D5B7C7 /* TimeTicker.h */ = {isa = PBXFileReference; fileEncoding = 4; lastKnownFileType = sourcecode.c.h; path = TimeTicker.h; sourceTree = "<group>"; };
		B2B8B49B208055A300D5B7C7 /* util.cpp */ = {isa = PBXFileReference; fileEncoding = 4; lastKnownFileType = sourcecode.cpp.cpp; path = util.cpp; sourceTree = "<group>"; };
		B2B8B49C208055A300D5B7C7 /* util.h */ = {isa = PBXFileReference; fileEncoding = 4; lastKnownFileType = sourcecode.c.h; path = util.h; sourceTree = "<group>"; };
		B2B8B49D208055A300D5B7C7 /* uv_errno.cpp */ = {isa = PBXFileReference; fileEncoding = 4; lastKnownFileType = sourcecode.cpp.cpp; path = uv_errno.cpp; sourceTree = "<group>"; };
		B2B8B49E208055A300D5B7C7 /* uv_errno.h */ = {isa = PBXFileReference; fileEncoding = 4; lastKnownFileType = sourcecode.c.h; path = uv_errno.h; sourceTree = "<group>"; };
/* End PBXFileReference section */

/* Begin PBXFrameworksBuildPhase section */
		B25533881F90C94C0056C227 /* Frameworks */ = {
			isa = PBXFrameworksBuildPhase;
			buildActionMask = 2147483647;
			files = (
			);
			runOnlyForDeploymentPostprocessing = 0;
		};
/* End PBXFrameworksBuildPhase section */

/* Begin PBXGroup section */
		B25533821F90C94C0056C227 = {
			isa = PBXGroup;
			children = (
				B255338D1F90C94C0056C227 /* ZLToolKit */,
				B255338C1F90C94C0056C227 /* Products */,
			);
			sourceTree = "<group>";
		};
		B255338C1F90C94C0056C227 /* Products */ = {
			isa = PBXGroup;
			children = (
				B255338B1F90C94C0056C227 /* ZLToolKit */,
			);
			name = Products;
			sourceTree = "<group>";
		};
		B255338D1F90C94C0056C227 /* ZLToolKit */ = {
			isa = PBXGroup;
			children = (
				B2B8B464208055A300D5B7C7 /* src */,
				B2B8B43E2080547500D5B7C7 /* tests */,
				B255338E1F90C94C0056C227 /* main.cpp */,
				B2B8B47B208055A300D5B7C7 /* README.md */,
			);
			path = ZLToolKit;
			sourceTree = "<group>";
		};
		B2B8B43E2080547500D5B7C7 /* tests */ = {
			isa = PBXGroup;
			children = (
				B2B4104B20CA2A64005496BB /* test_noticeCenter.hpp */,
				B2B8B43F2080547500D5B7C7 /* test_asyncTaskThrad.hpp */,
				B2B8B4402080547500D5B7C7 /* test_eventPoller.hpp */,
				B2B8B4412080547500D5B7C7 /* test_logger.hpp */,
				B2B8B4422080547500D5B7C7 /* test_noticeCenter-old.hpp */,
				B2B8B4432080547500D5B7C7 /* test_pipe.hpp */,
				B2B8B4442080547500D5B7C7 /* test_resourcePool.hpp */,
				B2B8B4452080547500D5B7C7 /* test_ringBuffer.hpp */,
				B2B8B4462080547500D5B7C7 /* test_rwmutex.hpp */,
				B2B8B4472080547500D5B7C7 /* test_semaphore.hpp */,
				B2B8B4492080547500D5B7C7 /* test_spin_mutex.hpp */,
				B2B8B44D2080547500D5B7C7 /* test_tcpClient.hpp */,
				B2B8B44E2080547500D5B7C7 /* test_tcpEchoServer.hpp */,
				B2B8B44F2080547500D5B7C7 /* test_threadPool.hpp */,
				B2B8B4502080547500D5B7C7 /* test_threadPoolBenchmark.hpp */,
				B2B8B4512080547500D5B7C7 /* test_udpSock.hpp */,
				B290C2F320C129D50078A2D7 /* test_SignalSlot.hpp */,
			);
			path = tests;
			sourceTree = "<group>";
		};
		B2B8B464208055A300D5B7C7 /* src */ = {
			isa = PBXGroup;
			children = (
				B2B8B465208055A300D5B7C7 /* Network */,
				B2B8B470208055A300D5B7C7 /* Poller */,
				B2B8B47C208055A300D5B7C7 /* Thread */,
				B2B8B488208055A300D5B7C7 /* Util */,
			);
			path = src;
			sourceTree = "<group>";
		};
		B2B8B465208055A300D5B7C7 /* Network */ = {
			isa = PBXGroup;
			children = (
				B2B8B466208055A300D5B7C7 /* Socket.cpp */,
				B2B8B467208055A300D5B7C7 /* Socket.h */,
				B2B8B469208055A300D5B7C7 /* sockutil.cpp */,
				B2B8B46A208055A300D5B7C7 /* sockutil.h */,
				B2B8B46B208055A300D5B7C7 /* TcpClient.cpp */,
				B2B8B46C208055A300D5B7C7 /* TcpClient.h */,
				B2B8B46D208055A300D5B7C7 /* TcpServer.h */,
				B2B8B46E208055A300D5B7C7 /* TcpSession.cpp */,
				B2B8B46F208055A300D5B7C7 /* TcpSession.h */,
			);
			path = Network;
			sourceTree = "<group>";
		};
		B2B8B470208055A300D5B7C7 /* Poller */ = {
			isa = PBXGroup;
			children = (
				B2B8B471208055A300D5B7C7 /* EventPoller.cpp */,
				B2B8B472208055A300D5B7C7 /* EventPoller.h */,
				B2B8B473208055A300D5B7C7 /* Pipe.cpp */,
				B2B8B474208055A300D5B7C7 /* Pipe.h */,
				B2B8B475208055A300D5B7C7 /* PipeWrap.cpp */,
				B2B8B476208055A300D5B7C7 /* PipeWrap.h */,
				B2B8B477208055A300D5B7C7 /* SelectWrap.cpp */,
				B2B8B478208055A300D5B7C7 /* SelectWrap.h */,
				B2B8B479208055A300D5B7C7 /* Timer.cpp */,
				B2B8B47A208055A300D5B7C7 /* Timer.h */,
			);
			path = Poller;
			sourceTree = "<group>";
		};
		B2B8B47C208055A300D5B7C7 /* Thread */ = {
			isa = PBXGroup;
			children = (
				B2B8B47D208055A300D5B7C7 /* AsyncTaskThread.cpp */,
				B2B8B47E208055A300D5B7C7 /* AsyncTaskThread.h */,
				B2B8B47F208055A300D5B7C7 /* List.h */,
				B2B8B480208055A300D5B7C7 /* rwmutex.h */,
				B2B8B481208055A300D5B7C7 /* semaphore.h */,
				B2B8B482208055A300D5B7C7 /* spin_mutex.h */,
				B2B8B483208055A300D5B7C7 /* TaskQueue.h */,
				B2B8B484208055A300D5B7C7 /* threadgroup.h */,
				B2B8B485208055A300D5B7C7 /* ThreadPool.h */,
				B2B8B486208055A300D5B7C7 /* WorkThreadPool.cpp */,
				B2B8B487208055A300D5B7C7 /* WorkThreadPool.h */,
			);
			path = Thread;
			sourceTree = "<group>";
		};
		B2B8B488208055A300D5B7C7 /* Util */ = {
			isa = PBXGroup;
			children = (
				B2B4104A20CA2A19005496BB /* NoticeCenter.h */,
				B290C2F220C129B10078A2D7 /* SignalSlot.h */,
				B290C2C120C0E3F60078A2D7 /* onceToken.h */,
				B2B8B48B208055A300D5B7C7 /* File.cpp */,
				B2B8B48C208055A300D5B7C7 /* File.h */,
				B2B8B48D208055A300D5B7C7 /* function_traits.h */,
				B2B8B48E208055A300D5B7C7 /* logger.h */,
				B2B8B48F208055A300D5B7C7 /* MD5.cpp */,
				B2B8B490208055A300D5B7C7 /* MD5.h */,
				B2B8B491208055A300D5B7C7 /* mini.h */,
				B2B8B492208055A300D5B7C7 /* NoticeCenter-old.h */,
				B2B8B494208055A300D5B7C7 /* ResourcePool.h */,
				B2B8B495208055A300D5B7C7 /* RingBuffer.h */,
				B2B8B49A208055A300D5B7C7 /* TimeTicker.h */,
				B2B8B49B208055A300D5B7C7 /* util.cpp */,
				B2B8B49C208055A300D5B7C7 /* util.h */,
				B2B8B49D208055A300D5B7C7 /* uv_errno.cpp */,
				B2B8B49E208055A300D5B7C7 /* uv_errno.h */,
			);
			path = Util;
			sourceTree = "<group>";
		};
/* End PBXGroup section */

/* Begin PBXNativeTarget section */
		B255338A1F90C94C0056C227 /* ZLToolKit */ = {
			isa = PBXNativeTarget;
			buildConfigurationList = B25533921F90C94C0056C227 /* Build configuration list for PBXNativeTarget "ZLToolKit" */;
			buildPhases = (
				B25533871F90C94C0056C227 /* Sources */,
				B25533881F90C94C0056C227 /* Frameworks */,
				B25533891F90C94C0056C227 /* CopyFiles */,
			);
			buildRules = (
			);
			dependencies = (
			);
			name = ZLToolKit;
			productName = ZLToolKit;
			productReference = B255338B1F90C94C0056C227 /* ZLToolKit */;
			productType = "com.apple.product-type.tool";
		};
/* End PBXNativeTarget section */

/* Begin PBXProject section */
		B25533831F90C94C0056C227 /* Project object */ = {
			isa = PBXProject;
			attributes = {
				LastUpgradeCheck = 0830;
				ORGANIZATIONNAME = mess;
				TargetAttributes = {
					B255338A1F90C94C0056C227 = {
						CreatedOnToolsVersion = 8.3.3;
						ProvisioningStyle = Automatic;
					};
				};
			};
			buildConfigurationList = B25533861F90C94C0056C227 /* Build configuration list for PBXProject "ZLToolKit" */;
			compatibilityVersion = "Xcode 3.2";
			developmentRegion = English;
			hasScannedForEncodings = 0;
			knownRegions = (
				en,
			);
			mainGroup = B25533821F90C94C0056C227;
			productRefGroup = B255338C1F90C94C0056C227 /* Products */;
			projectDirPath = "";
			projectRoot = "";
			targets = (
				B255338A1F90C94C0056C227 /* ZLToolKit */,
			);
		};
/* End PBXProject section */

/* Begin PBXSourcesBuildPhase section */
		B25533871F90C94C0056C227 /* Sources */ = {
			isa = PBXSourcesBuildPhase;
			buildActionMask = 2147483647;
			files = (
				B2B8B4602080547500D5B7C7 /* test_tcpEchoServer.hpp in Sources */,
				B255338F1F90C94C0056C227 /* main.cpp in Sources */,
				B2B8B4A7208055A300D5B7C7 /* TcpSession.cpp in Sources */,
				B2B8B4622080547500D5B7C7 /* test_threadPoolBenchmark.hpp in Sources */,
				B2B8B4B4208055A300D5B7C7 /* util.cpp in Sources */,
				B2B8B4592080547500D5B7C7 /* test_rwmutex.hpp in Sources */,
				B2B8B4A6208055A300D5B7C7 /* TcpClient.cpp in Sources */,
				B2B8B4A3208055A300D5B7C7 /* Socket.cpp in Sources */,
				B2B8B4A8208055A300D5B7C7 /* EventPoller.cpp in Sources */,
				B2B8B4632080547500D5B7C7 /* test_udpSock.hpp in Sources */,
				B2B8B4562080547500D5B7C7 /* test_pipe.hpp in Sources */,
				B2B8B4552080547500D5B7C7 /* test_noticeCenter-old.hpp in Sources */,
				B2B8B4AA208055A300D5B7C7 /* PipeWrap.cpp in Sources */,
				B2B8B4B2208055A300D5B7C7 /* MD5.cpp in Sources */,
				B2B8B4AD208055A300D5B7C7 /* README.md in Sources */,
				B2B8B45A2080547500D5B7C7 /* test_semaphore.hpp in Sources */,
				B2B8B45C2080547500D5B7C7 /* test_spin_mutex.hpp in Sources */,
				B2B8B4AE208055A300D5B7C7 /* AsyncTaskThread.cpp in Sources */,
				B2B8B4B5208055A300D5B7C7 /* uv_errno.cpp in Sources */,
				B2B8B4532080547500D5B7C7 /* test_eventPoller.hpp in Sources */,
				B2B8B4542080547500D5B7C7 /* test_logger.hpp in Sources */,
				B2B8B45F2080547500D5B7C7 /* test_tcpClient.hpp in Sources */,
				B2B8B4A9208055A300D5B7C7 /* Pipe.cpp in Sources */,
				B2B8B4582080547500D5B7C7 /* test_ringBuffer.hpp in Sources */,
				B2B8B4AF208055A300D5B7C7 /* WorkThreadPool.cpp in Sources */,
				B2B8B4612080547500D5B7C7 /* test_threadPool.hpp in Sources */,
				B2B8B4A5208055A300D5B7C7 /* sockutil.cpp in Sources */,
				B2B8B4AB208055A300D5B7C7 /* SelectWrap.cpp in Sources */,
				B2B8B4572080547500D5B7C7 /* test_resourcePool.hpp in Sources */,
				B2B8B4AC208055A300D5B7C7 /* Timer.cpp in Sources */,
				B2B8B4522080547500D5B7C7 /* test_asyncTaskThrad.hpp in Sources */,
				B2B8B4B1208055A300D5B7C7 /* File.cpp in Sources */,
			);
			runOnlyForDeploymentPostprocessing = 0;
		};
/* End PBXSourcesBuildPhase section */

/* Begin XCBuildConfiguration section */
		B25533901F90C94C0056C227 /* Debug */ = {
			isa = XCBuildConfiguration;
			buildSettings = {
				ALWAYS_SEARCH_USER_PATHS = NO;
				CLANG_ANALYZER_NONNULL = YES;
				CLANG_ANALYZER_NUMBER_OBJECT_CONVERSION = YES_AGGRESSIVE;
				CLANG_CXX_LANGUAGE_STANDARD = "gnu++0x";
				CLANG_CXX_LIBRARY = "libc++";
				CLANG_ENABLE_MODULES = YES;
				CLANG_ENABLE_OBJC_ARC = YES;
				CLANG_WARN_BOOL_CONVERSION = YES;
				CLANG_WARN_CONSTANT_CONVERSION = YES;
				CLANG_WARN_DIRECT_OBJC_ISA_USAGE = YES_ERROR;
				CLANG_WARN_DOCUMENTATION_COMMENTS = YES;
				CLANG_WARN_EMPTY_BODY = YES;
				CLANG_WARN_ENUM_CONVERSION = YES;
				CLANG_WARN_INFINITE_RECURSION = YES;
				CLANG_WARN_INT_CONVERSION = YES;
				CLANG_WARN_OBJC_ROOT_CLASS = YES_ERROR;
				CLANG_WARN_SUSPICIOUS_MOVE = YES;
				CLANG_WARN_UNREACHABLE_CODE = YES;
				CLANG_WARN__DUPLICATE_METHOD_MATCH = YES;
				CODE_SIGN_IDENTITY = "-";
				COPY_PHASE_STRIP = NO;
				DEBUG_INFORMATION_FORMAT = dwarf;
				ENABLE_STRICT_OBJC_MSGSEND = YES;
				ENABLE_TESTABILITY = YES;
				GCC_C_LANGUAGE_STANDARD = gnu99;
				GCC_DYNAMIC_NO_PIC = NO;
				GCC_NO_COMMON_BLOCKS = YES;
				GCC_OPTIMIZATION_LEVEL = 0;
				GCC_PREPROCESSOR_DEFINITIONS = (
					"DEBUG=1",
					"$(inherited)",
				);
				GCC_WARN_64_TO_32_BIT_CONVERSION = YES;
				GCC_WARN_ABOUT_RETURN_TYPE = YES_ERROR;
				GCC_WARN_UNDECLARED_SELECTOR = YES;
				GCC_WARN_UNINITIALIZED_AUTOS = YES_AGGRESSIVE;
				GCC_WARN_UNUSED_FUNCTION = YES;
				GCC_WARN_UNUSED_VARIABLE = YES;
				MACOSX_DEPLOYMENT_TARGET = 10.12;
				MTL_ENABLE_DEBUG_INFO = YES;
				ONLY_ACTIVE_ARCH = YES;
				SDKROOT = macosx;
			};
			name = Debug;
		};
		B25533911F90C94C0056C227 /* Release */ = {
			isa = XCBuildConfiguration;
			buildSettings = {
				ALWAYS_SEARCH_USER_PATHS = NO;
				CLANG_ANALYZER_NONNULL = YES;
				CLANG_ANALYZER_NUMBER_OBJECT_CONVERSION = YES_AGGRESSIVE;
				CLANG_CXX_LANGUAGE_STANDARD = "gnu++0x";
				CLANG_CXX_LIBRARY = "libc++";
				CLANG_ENABLE_MODULES = YES;
				CLANG_ENABLE_OBJC_ARC = YES;
				CLANG_WARN_BOOL_CONVERSION = YES;
				CLANG_WARN_CONSTANT_CONVERSION = YES;
				CLANG_WARN_DIRECT_OBJC_ISA_USAGE = YES_ERROR;
				CLANG_WARN_DOCUMENTATION_COMMENTS = YES;
				CLANG_WARN_EMPTY_BODY = YES;
				CLANG_WARN_ENUM_CONVERSION = YES;
				CLANG_WARN_INFINITE_RECURSION = YES;
				CLANG_WARN_INT_CONVERSION = YES;
				CLANG_WARN_OBJC_ROOT_CLASS = YES_ERROR;
				CLANG_WARN_SUSPICIOUS_MOVE = YES;
				CLANG_WARN_UNREACHABLE_CODE = YES;
				CLANG_WARN__DUPLICATE_METHOD_MATCH = YES;
				CODE_SIGN_IDENTITY = "-";
				COPY_PHASE_STRIP = NO;
				DEBUG_INFORMATION_FORMAT = "dwarf-with-dsym";
				ENABLE_NS_ASSERTIONS = NO;
				ENABLE_STRICT_OBJC_MSGSEND = YES;
				GCC_C_LANGUAGE_STANDARD = gnu99;
				GCC_NO_COMMON_BLOCKS = YES;
				GCC_WARN_64_TO_32_BIT_CONVERSION = YES;
				GCC_WARN_ABOUT_RETURN_TYPE = YES_ERROR;
				GCC_WARN_UNDECLARED_SELECTOR = YES;
				GCC_WARN_UNINITIALIZED_AUTOS = YES_AGGRESSIVE;
				GCC_WARN_UNUSED_FUNCTION = YES;
				GCC_WARN_UNUSED_VARIABLE = YES;
				MACOSX_DEPLOYMENT_TARGET = 10.12;
				MTL_ENABLE_DEBUG_INFO = NO;
				SDKROOT = macosx;
			};
			name = Release;
		};
		B25533931F90C94C0056C227 /* Debug */ = {
			isa = XCBuildConfiguration;
			buildSettings = {
				"HEADER_SEARCH_PATHS[arch=*]" = "";
				PRODUCT_NAME = "$(TARGET_NAME)";
				USER_HEADER_SEARCH_PATHS = "$(PROJECT_DIR)/ZLToolKit/src";
			};
			name = Debug;
		};
		B25533941F90C94C0056C227 /* Release */ = {
			isa = XCBuildConfiguration;
			buildSettings = {
				PRODUCT_NAME = "$(TARGET_NAME)";
				USER_HEADER_SEARCH_PATHS = "$(PROJECT_DIR)/ZLToolKit/src";
			};
			name = Release;
		};
/* End XCBuildConfiguration section */

/* Begin XCConfigurationList section */
		B25533861F90C94C0056C227 /* Build configuration list for PBXProject "ZLToolKit" */ = {
			isa = XCConfigurationList;
			buildConfigurations = (
				B25533901F90C94C0056C227 /* Debug */,
				B25533911F90C94C0056C227 /* Release */,
			);
			defaultConfigurationIsVisible = 0;
			defaultConfigurationName = Release;
		};
		B25533921F90C94C0056C227 /* Build configuration list for PBXNativeTarget "ZLToolKit" */ = {
			isa = XCConfigurationList;
			buildConfigurations = (
				B25533931F90C94C0056C227 /* Debug */,
				B25533941F90C94C0056C227 /* Release */,
			);
			defaultConfigurationIsVisible = 0;
			defaultConfigurationName = Release;
		};
/* End XCConfigurationList section */
	};
	rootObject = B25533831F90C94C0056C227 /* Project object */;
}
